// !$*UTF8*$!
{
	archiveVersion = 1;
	classes = {
	};
	objectVersion = 46;
	objects = {

/* Begin PBXBuildFile section */
		253974BCF5146B4436ED3B0B /* Pods_ParseChatUITests.framework in Frameworks */ = {isa = PBXBuildFile; fileRef = C133CF1701B78CCB6A612E91 /* Pods_ParseChatUITests.framework */; };
		89188945911277D400825E23 /* Pods_ParseChatTests.framework in Frameworks */ = {isa = PBXBuildFile; fileRef = A8879105536E875FE3DA7B3F /* Pods_ParseChatTests.framework */; };
		A0131D11675176FC2515CB4D /* Pods_ParseChat.framework in Frameworks */ = {isa = PBXBuildFile; fileRef = 2050BB4DD12F3150405415D6 /* Pods_ParseChat.framework */; };
		BF2ED4951F018A25007762C9 /* AppDelegate.swift in Sources */ = {isa = PBXBuildFile; fileRef = BF2ED4941F018A25007762C9 /* AppDelegate.swift */; };
		BF2ED4971F018A25007762C9 /* ViewController.swift in Sources */ = {isa = PBXBuildFile; fileRef = BF2ED4961F018A25007762C9 /* ViewController.swift */; };
		BF2ED49A1F018A25007762C9 /* Main.storyboard in Resources */ = {isa = PBXBuildFile; fileRef = BF2ED4981F018A25007762C9 /* Main.storyboard */; };
		BF2ED49C1F018A25007762C9 /* Assets.xcassets in Resources */ = {isa = PBXBuildFile; fileRef = BF2ED49B1F018A25007762C9 /* Assets.xcassets */; };
		BF2ED49F1F018A25007762C9 /* LaunchScreen.storyboard in Resources */ = {isa = PBXBuildFile; fileRef = BF2ED49D1F018A25007762C9 /* LaunchScreen.storyboard */; };
		BF2ED4AA1F018A25007762C9 /* ParseChatTests.swift in Sources */ = {isa = PBXBuildFile; fileRef = BF2ED4A91F018A25007762C9 /* ParseChatTests.swift */; };
		BF2ED4B51F018A26007762C9 /* ParseChatUITests.swift in Sources */ = {isa = PBXBuildFile; fileRef = BF2ED4B41F018A26007762C9 /* ParseChatUITests.swift */; };
		BF2ED4C31F018D3E007762C9 /* LoginViewController.swift in Sources */ = {isa = PBXBuildFile; fileRef = BF2ED4C21F018D3E007762C9 /* LoginViewController.swift */; };
		BF2ED4C51F019FFC007762C9 /* ChatViewController.swift in Sources */ = {isa = PBXBuildFile; fileRef = BF2ED4C41F019FFC007762C9 /* ChatViewController.swift */; };
		BF2ED4C71F01AB82007762C9 /* ChatCell.swift in Sources */ = {isa = PBXBuildFile; fileRef = BF2ED4C61F01AB82007762C9 /* ChatCell.swift */; };
/* End PBXBuildFile section */

/* Begin PBXContainerItemProxy section */
		BF2ED4A61F018A25007762C9 /* PBXContainerItemProxy */ = {
			isa = PBXContainerItemProxy;
			containerPortal = BF2ED4891F018A25007762C9 /* Project object */;
			proxyType = 1;
			remoteGlobalIDString = BF2ED4901F018A25007762C9;
			remoteInfo = ParseChat;
		};
		BF2ED4B11F018A26007762C9 /* PBXContainerItemProxy */ = {
			isa = PBXContainerItemProxy;
			containerPortal = BF2ED4891F018A25007762C9 /* Project object */;
			proxyType = 1;
			remoteGlobalIDString = BF2ED4901F018A25007762C9;
			remoteInfo = ParseChat;
		};
/* End PBXContainerItemProxy section */

/* Begin PBXFileReference section */
		2050BB4DD12F3150405415D6 /* Pods_ParseChat.framework */ = {isa = PBXFileReference; explicitFileType = wrapper.framework; includeInIndex = 0; path = Pods_ParseChat.framework; sourceTree = BUILT_PRODUCTS_DIR; };
		26F6F1D2661DDC648365D05A /* Pods-ParseChatUITests.release.xcconfig */ = {isa = PBXFileReference; includeInIndex = 1; lastKnownFileType = text.xcconfig; name = "Pods-ParseChatUITests.release.xcconfig"; path = "Pods/Target Support Files/Pods-ParseChatUITests/Pods-ParseChatUITests.release.xcconfig"; sourceTree = "<group>"; };
		301CC39F1A297B6A648EFC0C /* Pods-ParseChat.debug.xcconfig */ = {isa = PBXFileReference; includeInIndex = 1; lastKnownFileType = text.xcconfig; name = "Pods-ParseChat.debug.xcconfig"; path = "Pods/Target Support Files/Pods-ParseChat/Pods-ParseChat.debug.xcconfig"; sourceTree = "<group>"; };
		651BDBB16709D14C6F9576F0 /* Pods-ParseChatTests.debug.xcconfig */ = {isa = PBXFileReference; includeInIndex = 1; lastKnownFileType = text.xcconfig; name = "Pods-ParseChatTests.debug.xcconfig"; path = "Pods/Target Support Files/Pods-ParseChatTests/Pods-ParseChatTests.debug.xcconfig"; sourceTree = "<group>"; };
		7DA0DF7548E5E6DC90D6CA78 /* Pods-ParseChatUITests.debug.xcconfig */ = {isa = PBXFileReference; includeInIndex = 1; lastKnownFileType = text.xcconfig; name = "Pods-ParseChatUITests.debug.xcconfig"; path = "Pods/Target Support Files/Pods-ParseChatUITests/Pods-ParseChatUITests.debug.xcconfig"; sourceTree = "<group>"; };
		A8879105536E875FE3DA7B3F /* Pods_ParseChatTests.framework */ = {isa = PBXFileReference; explicitFileType = wrapper.framework; includeInIndex = 0; path = Pods_ParseChatTests.framework; sourceTree = BUILT_PRODUCTS_DIR; };
		BF2ED4911F018A25007762C9 /* ParseChat.app */ = {isa = PBXFileReference; explicitFileType = wrapper.application; includeInIndex = 0; path = ParseChat.app; sourceTree = BUILT_PRODUCTS_DIR; };
		BF2ED4941F018A25007762C9 /* AppDelegate.swift */ = {isa = PBXFileReference; lastKnownFileType = sourcecode.swift; path = AppDelegate.swift; sourceTree = "<group>"; };
		BF2ED4961F018A25007762C9 /* ViewController.swift */ = {isa = PBXFileReference; lastKnownFileType = sourcecode.swift; path = ViewController.swift; sourceTree = "<group>"; };
		BF2ED4991F018A25007762C9 /* Base */ = {isa = PBXFileReference; lastKnownFileType = file.storyboard; name = Base; path = Base.lproj/Main.storyboard; sourceTree = "<group>"; };
		BF2ED49B1F018A25007762C9 /* Assets.xcassets */ = {isa = PBXFileReference; lastKnownFileType = folder.assetcatalog; path = Assets.xcassets; sourceTree = "<group>"; };
		BF2ED49E1F018A25007762C9 /* Base */ = {isa = PBXFileReference; lastKnownFileType = file.storyboard; name = Base; path = Base.lproj/LaunchScreen.storyboard; sourceTree = "<group>"; };
		BF2ED4A01F018A25007762C9 /* Info.plist */ = {isa = PBXFileReference; lastKnownFileType = text.plist.xml; path = Info.plist; sourceTree = "<group>"; };
		BF2ED4A51F018A25007762C9 /* ParseChatTests.xctest */ = {isa = PBXFileReference; explicitFileType = wrapper.cfbundle; includeInIndex = 0; path = ParseChatTests.xctest; sourceTree = BUILT_PRODUCTS_DIR; };
		BF2ED4A91F018A25007762C9 /* ParseChatTests.swift */ = {isa = PBXFileReference; lastKnownFileType = sourcecode.swift; path = ParseChatTests.swift; sourceTree = "<group>"; };
		BF2ED4AB1F018A25007762C9 /* Info.plist */ = {isa = PBXFileReference; lastKnownFileType = text.plist.xml; path = Info.plist; sourceTree = "<group>"; };
		BF2ED4B01F018A26007762C9 /* ParseChatUITests.xctest */ = {isa = PBXFileReference; explicitFileType = wrapper.cfbundle; includeInIndex = 0; path = ParseChatUITests.xctest; sourceTree = BUILT_PRODUCTS_DIR; };
		BF2ED4B41F018A26007762C9 /* ParseChatUITests.swift */ = {isa = PBXFileReference; lastKnownFileType = sourcecode.swift; path = ParseChatUITests.swift; sourceTree = "<group>"; };
		BF2ED4B61F018A26007762C9 /* Info.plist */ = {isa = PBXFileReference; lastKnownFileType = text.plist.xml; path = Info.plist; sourceTree = "<group>"; };
		BF2ED4C21F018D3E007762C9 /* LoginViewController.swift */ = {isa = PBXFileReference; fileEncoding = 4; lastKnownFileType = sourcecode.swift; path = LoginViewController.swift; sourceTree = "<group>"; };
		BF2ED4C41F019FFC007762C9 /* ChatViewController.swift */ = {isa = PBXFileReference; fileEncoding = 4; lastKnownFileType = sourcecode.swift; path = ChatViewController.swift; sourceTree = "<group>"; };
		BF2ED4C61F01AB82007762C9 /* ChatCell.swift */ = {isa = PBXFileReference; fileEncoding = 4; lastKnownFileType = sourcecode.swift; path = ChatCell.swift; sourceTree = "<group>"; };
		C133CF1701B78CCB6A612E91 /* Pods_ParseChatUITests.framework */ = {isa = PBXFileReference; explicitFileType = wrapper.framework; includeInIndex = 0; path = Pods_ParseChatUITests.framework; sourceTree = BUILT_PRODUCTS_DIR; };
		DA841FBFF3423AB1EA2D50B7 /* Pods-ParseChatTests.release.xcconfig */ = {isa = PBXFileReference; includeInIndex = 1; lastKnownFileType = text.xcconfig; name = "Pods-ParseChatTests.release.xcconfig"; path = "Pods/Target Support Files/Pods-ParseChatTests/Pods-ParseChatTests.release.xcconfig"; sourceTree = "<group>"; };
		F74A19340868D7A61715B4F0 /* Pods-ParseChat.release.xcconfig */ = {isa = PBXFileReference; includeInIndex = 1; lastKnownFileType = text.xcconfig; name = "Pods-ParseChat.release.xcconfig"; path = "Pods/Target Support Files/Pods-ParseChat/Pods-ParseChat.release.xcconfig"; sourceTree = "<group>"; };
/* End PBXFileReference section */

/* Begin PBXFrameworksBuildPhase section */
		BF2ED48E1F018A25007762C9 /* Frameworks */ = {
			isa = PBXFrameworksBuildPhase;
			buildActionMask = 2147483647;
			files = (
				A0131D11675176FC2515CB4D /* Pods_ParseChat.framework in Frameworks */,
			);
			runOnlyForDeploymentPostprocessing = 0;
		};
		BF2ED4A21F018A25007762C9 /* Frameworks */ = {
			isa = PBXFrameworksBuildPhase;
			buildActionMask = 2147483647;
			files = (
				89188945911277D400825E23 /* Pods_ParseChatTests.framework in Frameworks */,
			);
			runOnlyForDeploymentPostprocessing = 0;
		};
		BF2ED4AD1F018A26007762C9 /* Frameworks */ = {
			isa = PBXFrameworksBuildPhase;
			buildActionMask = 2147483647;
			files = (
				253974BCF5146B4436ED3B0B /* Pods_ParseChatUITests.framework in Frameworks */,
			);
			runOnlyForDeploymentPostprocessing = 0;
		};
/* End PBXFrameworksBuildPhase section */

/* Begin PBXGroup section */
		79CBABF7DDCDEDEFD596005F /* Pods */ = {
			isa = PBXGroup;
			children = (
				301CC39F1A297B6A648EFC0C /* Pods-ParseChat.debug.xcconfig */,
				F74A19340868D7A61715B4F0 /* Pods-ParseChat.release.xcconfig */,
				651BDBB16709D14C6F9576F0 /* Pods-ParseChatTests.debug.xcconfig */,
				DA841FBFF3423AB1EA2D50B7 /* Pods-ParseChatTests.release.xcconfig */,
				7DA0DF7548E5E6DC90D6CA78 /* Pods-ParseChatUITests.debug.xcconfig */,
				26F6F1D2661DDC648365D05A /* Pods-ParseChatUITests.release.xcconfig */,
			);
			name = Pods;
			sourceTree = "<group>";
		};
		93306C695F3B672C36556D13 /* Frameworks */ = {
			isa = PBXGroup;
			children = (
				2050BB4DD12F3150405415D6 /* Pods_ParseChat.framework */,
				A8879105536E875FE3DA7B3F /* Pods_ParseChatTests.framework */,
				C133CF1701B78CCB6A612E91 /* Pods_ParseChatUITests.framework */,
			);
			name = Frameworks;
			sourceTree = "<group>";
		};
		BF2ED4881F018A25007762C9 = {
			isa = PBXGroup;
			children = (
				BF2ED4931F018A25007762C9 /* ParseChat */,
				BF2ED4A81F018A25007762C9 /* ParseChatTests */,
				BF2ED4B31F018A26007762C9 /* ParseChatUITests */,
				BF2ED4921F018A25007762C9 /* Products */,
				79CBABF7DDCDEDEFD596005F /* Pods */,
				93306C695F3B672C36556D13 /* Frameworks */,
			);
			sourceTree = "<group>";
		};
		BF2ED4921F018A25007762C9 /* Products */ = {
			isa = PBXGroup;
			children = (
				BF2ED4911F018A25007762C9 /* ParseChat.app */,
				BF2ED4A51F018A25007762C9 /* ParseChatTests.xctest */,
				BF2ED4B01F018A26007762C9 /* ParseChatUITests.xctest */,
			);
			name = Products;
			sourceTree = "<group>";
		};
		BF2ED4931F018A25007762C9 /* ParseChat */ = {
			isa = PBXGroup;
			children = (
				BF2ED4941F018A25007762C9 /* AppDelegate.swift */,
				BF2ED4961F018A25007762C9 /* ViewController.swift */,
				BF2ED4981F018A25007762C9 /* Main.storyboard */,
				BF2ED49B1F018A25007762C9 /* Assets.xcassets */,
				BF2ED49D1F018A25007762C9 /* LaunchScreen.storyboard */,
				BF2ED4A01F018A25007762C9 /* Info.plist */,
				BF2ED4C21F018D3E007762C9 /* LoginViewController.swift */,
				BF2ED4C41F019FFC007762C9 /* ChatViewController.swift */,
				BF2ED4C61F01AB82007762C9 /* ChatCell.swift */,
			);
			path = ParseChat;
			sourceTree = "<group>";
		};
		BF2ED4A81F018A25007762C9 /* ParseChatTests */ = {
			isa = PBXGroup;
			children = (
				BF2ED4A91F018A25007762C9 /* ParseChatTests.swift */,
				BF2ED4AB1F018A25007762C9 /* Info.plist */,
			);
			path = ParseChatTests;
			sourceTree = "<group>";
		};
		BF2ED4B31F018A26007762C9 /* ParseChatUITests */ = {
			isa = PBXGroup;
			children = (
				BF2ED4B41F018A26007762C9 /* ParseChatUITests.swift */,
				BF2ED4B61F018A26007762C9 /* Info.plist */,
			);
			path = ParseChatUITests;
			sourceTree = "<group>";
		};
/* End PBXGroup section */

/* Begin PBXNativeTarget section */
		BF2ED4901F018A25007762C9 /* ParseChat */ = {
			isa = PBXNativeTarget;
			buildConfigurationList = BF2ED4B91F018A26007762C9 /* Build configuration list for PBXNativeTarget "ParseChat" */;
			buildPhases = (
				F7705E1802B62FB6B0579FF0 /* [CP] Check Pods Manifest.lock */,
				BF2ED48D1F018A25007762C9 /* Sources */,
				BF2ED48E1F018A25007762C9 /* Frameworks */,
				BF2ED48F1F018A25007762C9 /* Resources */,
				25C8D030A2C8709D0D8A8CA7 /* [CP] Embed Pods Frameworks */,
				FD757881FE86CAF89CCBCA8F /* [CP] Copy Pods Resources */,
			);
			buildRules = (
			);
			dependencies = (
			);
			name = ParseChat;
			productName = ParseChat;
			productReference = BF2ED4911F018A25007762C9 /* ParseChat.app */;
			productType = "com.apple.product-type.application";
		};
		BF2ED4A41F018A25007762C9 /* ParseChatTests */ = {
			isa = PBXNativeTarget;
			buildConfigurationList = BF2ED4BC1F018A26007762C9 /* Build configuration list for PBXNativeTarget "ParseChatTests" */;
			buildPhases = (
				84E6B998ED51393A1C34F744 /* [CP] Check Pods Manifest.lock */,
				BF2ED4A11F018A25007762C9 /* Sources */,
				BF2ED4A21F018A25007762C9 /* Frameworks */,
				BF2ED4A31F018A25007762C9 /* Resources */,
				62FA5262EB537895D18AD269 /* [CP] Embed Pods Frameworks */,
				6837CEC63FD9810AD88524CD /* [CP] Copy Pods Resources */,
			);
			buildRules = (
			);
			dependencies = (
				BF2ED4A71F018A25007762C9 /* PBXTargetDependency */,
			);
			name = ParseChatTests;
			productName = ParseChatTests;
			productReference = BF2ED4A51F018A25007762C9 /* ParseChatTests.xctest */;
			productType = "com.apple.product-type.bundle.unit-test";
		};
		BF2ED4AF1F018A26007762C9 /* ParseChatUITests */ = {
			isa = PBXNativeTarget;
			buildConfigurationList = BF2ED4BF1F018A26007762C9 /* Build configuration list for PBXNativeTarget "ParseChatUITests" */;
			buildPhases = (
				6F7D2FE0E70773B56503EC40 /* [CP] Check Pods Manifest.lock */,
				BF2ED4AC1F018A26007762C9 /* Sources */,
				BF2ED4AD1F018A26007762C9 /* Frameworks */,
				BF2ED4AE1F018A26007762C9 /* Resources */,
				532E76717DEAB9CFD627B108 /* [CP] Embed Pods Frameworks */,
				3959293DF596BEA87D7D0597 /* [CP] Copy Pods Resources */,
			);
			buildRules = (
			);
			dependencies = (
				BF2ED4B21F018A26007762C9 /* PBXTargetDependency */,
			);
			name = ParseChatUITests;
			productName = ParseChatUITests;
			productReference = BF2ED4B01F018A26007762C9 /* ParseChatUITests.xctest */;
			productType = "com.apple.product-type.bundle.ui-testing";
		};
/* End PBXNativeTarget section */

/* Begin PBXProject section */
		BF2ED4891F018A25007762C9 /* Project object */ = {
			isa = PBXProject;
			attributes = {
				LastSwiftUpdateCheck = 0830;
				LastUpgradeCheck = 0830;
				ORGANIZATIONNAME = "Chanel Johnson";
				TargetAttributes = {
					BF2ED4901F018A25007762C9 = {
						CreatedOnToolsVersion = 8.3.3;
						ProvisioningStyle = Automatic;
					};
					BF2ED4A41F018A25007762C9 = {
						CreatedOnToolsVersion = 8.3.3;
						ProvisioningStyle = Automatic;
						TestTargetID = BF2ED4901F018A25007762C9;
					};
					BF2ED4AF1F018A26007762C9 = {
						CreatedOnToolsVersion = 8.3.3;
						ProvisioningStyle = Automatic;
						TestTargetID = BF2ED4901F018A25007762C9;
					};
				};
			};
			buildConfigurationList = BF2ED48C1F018A25007762C9 /* Build configuration list for PBXProject "ParseChat" */;
			compatibilityVersion = "Xcode 3.2";
			developmentRegion = English;
			hasScannedForEncodings = 0;
			knownRegions = (
				en,
				Base,
			);
			mainGroup = BF2ED4881F018A25007762C9;
			productRefGroup = BF2ED4921F018A25007762C9 /* Products */;
			projectDirPath = "";
			projectRoot = "";
			targets = (
				BF2ED4901F018A25007762C9 /* ParseChat */,
				BF2ED4A41F018A25007762C9 /* ParseChatTests */,
				BF2ED4AF1F018A26007762C9 /* ParseChatUITests */,
			);
		};
/* End PBXProject section */

/* Begin PBXResourcesBuildPhase section */
		BF2ED48F1F018A25007762C9 /* Resources */ = {
			isa = PBXResourcesBuildPhase;
			buildActionMask = 2147483647;
			files = (
				BF2ED49F1F018A25007762C9 /* LaunchScreen.storyboard in Resources */,
				BF2ED49C1F018A25007762C9 /* Assets.xcassets in Resources */,
				BF2ED49A1F018A25007762C9 /* Main.storyboard in Resources */,
			);
			runOnlyForDeploymentPostprocessing = 0;
		};
		BF2ED4A31F018A25007762C9 /* Resources */ = {
			isa = PBXResourcesBuildPhase;
			buildActionMask = 2147483647;
			files = (
			);
			runOnlyForDeploymentPostprocessing = 0;
		};
		BF2ED4AE1F018A26007762C9 /* Resources */ = {
			isa = PBXResourcesBuildPhase;
			buildActionMask = 2147483647;
			files = (
			);
			runOnlyForDeploymentPostprocessing = 0;
		};
/* End PBXResourcesBuildPhase section */

/* Begin PBXShellScriptBuildPhase section */
		25C8D030A2C8709D0D8A8CA7 /* [CP] Embed Pods Frameworks */ = {
			isa = PBXShellScriptBuildPhase;
			buildActionMask = 2147483647;
			files = (
			);
			inputPaths = (
			);
			name = "[CP] Embed Pods Frameworks";
			outputPaths = (
			);
			runOnlyForDeploymentPostprocessing = 0;
			shellPath = /bin/sh;
			shellScript = "\"${SRCROOT}/Pods/Target Support Files/Pods-ParseChat/Pods-ParseChat-frameworks.sh\"\n";
			showEnvVarsInLog = 0;
		};
		3959293DF596BEA87D7D0597 /* [CP] Copy Pods Resources */ = {
			isa = PBXShellScriptBuildPhase;
			buildActionMask = 2147483647;
			files = (
			);
			inputPaths = (
			);
			name = "[CP] Copy Pods Resources";
			outputPaths = (
			);
			runOnlyForDeploymentPostprocessing = 0;
			shellPath = /bin/sh;
			shellScript = "\"${SRCROOT}/Pods/Target Support Files/Pods-ParseChatUITests/Pods-ParseChatUITests-resources.sh\"\n";
			showEnvVarsInLog = 0;
		};
		532E76717DEAB9CFD627B108 /* [CP] Embed Pods Frameworks */ = {
			isa = PBXShellScriptBuildPhase;
			buildActionMask = 2147483647;
			files = (
			);
			inputPaths = (
			);
			name = "[CP] Embed Pods Frameworks";
			outputPaths = (
			);
			runOnlyForDeploymentPostprocessing = 0;
			shellPath = /bin/sh;
			shellScript = "\"${SRCROOT}/Pods/Target Support Files/Pods-ParseChatUITests/Pods-ParseChatUITests-frameworks.sh\"\n";
			showEnvVarsInLog = 0;
		};
		62FA5262EB537895D18AD269 /* [CP] Embed Pods Frameworks */ = {
			isa = PBXShellScriptBuildPhase;
			buildActionMask = 2147483647;
			files = (
			);
			inputPaths = (
			);
			name = "[CP] Embed Pods Frameworks";
			outputPaths = (
			);
			runOnlyForDeploymentPostprocessing = 0;
			shellPath = /bin/sh;
			shellScript = "\"${SRCROOT}/Pods/Target Support Files/Pods-ParseChatTests/Pods-ParseChatTests-frameworks.sh\"\n";
			showEnvVarsInLog = 0;
		};
		6837CEC63FD9810AD88524CD /* [CP] Copy Pods Resources */ = {
			isa = PBXShellScriptBuildPhase;
			buildActionMask = 2147483647;
			files = (
			);
			inputPaths = (
			);
			name = "[CP] Copy Pods Resources";
			outputPaths = (
			);
			runOnlyForDeploymentPostprocessing = 0;
			shellPath = /bin/sh;
			shellScript = "\"${SRCROOT}/Pods/Target Support Files/Pods-ParseChatTests/Pods-ParseChatTests-resources.sh\"\n";
			showEnvVarsInLog = 0;
		};
		6F7D2FE0E70773B56503EC40 /* [CP] Check Pods Manifest.lock */ = {
			isa = PBXShellScriptBuildPhase;
			buildActionMask = 2147483647;
			files = (
			);
			inputPaths = (
			);
			name = "[CP] Check Pods Manifest.lock";
			outputPaths = (
			);
			runOnlyForDeploymentPostprocessing = 0;
			shellPath = /bin/sh;
			shellScript = "diff \"${PODS_PODFILE_DIR_PATH}/Podfile.lock\" \"${PODS_ROOT}/Manifest.lock\" > /dev/null\nif [ $? != 0 ] ; then\n    # print error to STDERR\n    echo \"error: The sandbox is not in sync with the Podfile.lock. Run 'pod install' or update your CocoaPods installation.\" >&2\n    exit 1\nfi\n";
			showEnvVarsInLog = 0;
		};
		84E6B998ED51393A1C34F744 /* [CP] Check Pods Manifest.lock */ = {
			isa = PBXShellScriptBuildPhase;
			buildActionMask = 2147483647;
			files = (
			);
			inputPaths = (
			);
			name = "[CP] Check Pods Manifest.lock";
			outputPaths = (
			);
			runOnlyForDeploymentPostprocessing = 0;
			shellPath = /bin/sh;
			shellScript = "diff \"${PODS_PODFILE_DIR_PATH}/Podfile.lock\" \"${PODS_ROOT}/Manifest.lock\" > /dev/null\nif [ $? != 0 ] ; then\n    # print error to STDERR\n    echo \"error: The sandbox is not in sync with the Podfile.lock. Run 'pod install' or update your CocoaPods installation.\" >&2\n    exit 1\nfi\n";
			showEnvVarsInLog = 0;
		};
		F7705E1802B62FB6B0579FF0 /* [CP] Check Pods Manifest.lock */ = {
			isa = PBXShellScriptBuildPhase;
			buildActionMask = 2147483647;
			files = (
			);
			inputPaths = (
			);
			name = "[CP] Check Pods Manifest.lock";
			outputPaths = (
			);
			runOnlyForDeploymentPostprocessing = 0;
			shellPath = /bin/sh;
			shellScript = "diff \"${PODS_PODFILE_DIR_PATH}/Podfile.lock\" \"${PODS_ROOT}/Manifest.lock\" > /dev/null\nif [ $? != 0 ] ; then\n    # print error to STDERR\n    echo \"error: The sandbox is not in sync with the Podfile.lock. Run 'pod install' or update your CocoaPods installation.\" >&2\n    exit 1\nfi\n";
			showEnvVarsInLog = 0;
		};
		FD757881FE86CAF89CCBCA8F /* [CP] Copy Pods Resources */ = {
			isa = PBXShellScriptBuildPhase;
			buildActionMask = 2147483647;
			files = (
			);
			inputPaths = (
			);
			name = "[CP] Copy Pods Resources";
			outputPaths = (
			);
			runOnlyForDeploymentPostprocessing = 0;
			shellPath = /bin/sh;
			shellScript = "\"${SRCROOT}/Pods/Target Support Files/Pods-ParseChat/Pods-ParseChat-resources.sh\"\n";
			showEnvVarsInLog = 0;
		};
/* End PBXShellScriptBuildPhase section */

/* Begin PBXSourcesBuildPhase section */
		BF2ED48D1F018A25007762C9 /* Sources */ = {
			isa = PBXSourcesBuildPhase;
			buildActionMask = 2147483647;
			files = (
				BF2ED4C31F018D3E007762C9 /* LoginViewController.swift in Sources */,
				BF2ED4971F018A25007762C9 /* ViewController.swift in Sources */,
				BF2ED4C51F019FFC007762C9 /* ChatViewController.swift in Sources */,
				BF2ED4C71F01AB82007762C9 /* ChatCell.swift in Sources */,
				BF2ED4951F018A25007762C9 /* AppDelegate.swift in Sources */,
			);
			runOnlyForDeploymentPostprocessing = 0;
		};
		BF2ED4A11F018A25007762C9 /* Sources */ = {
			isa = PBXSourcesBuildPhase;
			buildActionMask = 2147483647;
			files = (
				BF2ED4AA1F018A25007762C9 /* ParseChatTests.swift in Sources */,
			);
			runOnlyForDeploymentPostprocessing = 0;
		};
		BF2ED4AC1F018A26007762C9 /* Sources */ = {
			isa = PBXSourcesBuildPhase;
			buildActionMask = 2147483647;
			files = (
				BF2ED4B51F018A26007762C9 /* ParseChatUITests.swift in Sources */,
			);
			runOnlyForDeploymentPostprocessing = 0;
		};
/* End PBXSourcesBuildPhase section */

/* Begin PBXTargetDependency section */
		BF2ED4A71F018A25007762C9 /* PBXTargetDependency */ = {
			isa = PBXTargetDependency;
			target = BF2ED4901F018A25007762C9 /* ParseChat */;
			targetProxy = BF2ED4A61F018A25007762C9 /* PBXContainerItemProxy */;
		};
		BF2ED4B21F018A26007762C9 /* PBXTargetDependency */ = {
			isa = PBXTargetDependency;
			target = BF2ED4901F018A25007762C9 /* ParseChat */;
			targetProxy = BF2ED4B11F018A26007762C9 /* PBXContainerItemProxy */;
		};
/* End PBXTargetDependency section */

/* Begin PBXVariantGroup section */
		BF2ED4981F018A25007762C9 /* Main.storyboard */ = {
			isa = PBXVariantGroup;
			children = (
				BF2ED4991F018A25007762C9 /* Base */,
			);
			name = Main.storyboard;
			sourceTree = "<group>";
		};
		BF2ED49D1F018A25007762C9 /* LaunchScreen.storyboard */ = {
			isa = PBXVariantGroup;
			children = (
				BF2ED49E1F018A25007762C9 /* Base */,
			);
			name = LaunchScreen.storyboard;
			sourceTree = "<group>";
		};
/* End PBXVariantGroup section */

/* Begin XCBuildConfiguration section */
		BF2ED4B71F018A26007762C9 /* Debug */ = {
			isa = XCBuildConfiguration;
			buildSettings = {
				ALWAYS_SEARCH_USER_PATHS = NO;
				CLANG_ANALYZER_NONNULL = YES;
				CLANG_ANALYZER_NUMBER_OBJECT_CONVERSION = YES_AGGRESSIVE;
				CLANG_CXX_LANGUAGE_STANDARD = "gnu++0x";
				CLANG_CXX_LIBRARY = "libc++";
				CLANG_ENABLE_MODULES = YES;
				CLANG_ENABLE_OBJC_ARC = YES;
				CLANG_WARN_BOOL_CONVERSION = YES;
				CLANG_WARN_CONSTANT_CONVERSION = YES;
				CLANG_WARN_DIRECT_OBJC_ISA_USAGE = YES_ERROR;
				CLANG_WARN_DOCUMENTATION_COMMENTS = YES;
				CLANG_WARN_EMPTY_BODY = YES;
				CLANG_WARN_ENUM_CONVERSION = YES;
				CLANG_WARN_INFINITE_RECURSION = YES;
				CLANG_WARN_INT_CONVERSION = YES;
				CLANG_WARN_OBJC_ROOT_CLASS = YES_ERROR;
				CLANG_WARN_SUSPICIOUS_MOVE = YES;
				CLANG_WARN_UNREACHABLE_CODE = YES;
				CLANG_WARN__DUPLICATE_METHOD_MATCH = YES;
				"CODE_SIGN_IDENTITY[sdk=iphoneos*]" = "iPhone Developer";
				COPY_PHASE_STRIP = NO;
				DEBUG_INFORMATION_FORMAT = dwarf;
				ENABLE_STRICT_OBJC_MSGSEND = YES;
				ENABLE_TESTABILITY = YES;
				GCC_C_LANGUAGE_STANDARD = gnu99;
				GCC_DYNAMIC_NO_PIC = NO;
				GCC_NO_COMMON_BLOCKS = YES;
				GCC_OPTIMIZATION_LEVEL = 0;
				GCC_PREPROCESSOR_DEFINITIONS = (
					"DEBUG=1",
					"$(inherited)",
				);
				GCC_WARN_64_TO_32_BIT_CONVERSION = YES;
				GCC_WARN_ABOUT_RETURN_TYPE = YES_ERROR;
				GCC_WARN_UNDECLARED_SELECTOR = YES;
				GCC_WARN_UNINITIALIZED_AUTOS = YES_AGGRESSIVE;
				GCC_WARN_UNUSED_FUNCTION = YES;
				GCC_WARN_UNUSED_VARIABLE = YES;
				IPHONEOS_DEPLOYMENT_TARGET = 10.3;
				MTL_ENABLE_DEBUG_INFO = YES;
				ONLY_ACTIVE_ARCH = YES;
				SDKROOT = iphoneos;
				SWIFT_ACTIVE_COMPILATION_CONDITIONS = DEBUG;
				SWIFT_OPTIMIZATION_LEVEL = "-Onone";
				TARGETED_DEVICE_FAMILY = "1,2";
			};
			name = Debug;
		};
		BF2ED4B81F018A26007762C9 /* Release */ = {
			isa = XCBuildConfiguration;
			buildSettings = {
				ALWAYS_SEARCH_USER_PATHS = NO;
				CLANG_ANALYZER_NONNULL = YES;
				CLANG_ANALYZER_NUMBER_OBJECT_CONVERSION = YES_AGGRESSIVE;
				CLANG_CXX_LANGUAGE_STANDARD = "gnu++0x";
				CLANG_CXX_LIBRARY = "libc++";
				CLANG_ENABLE_MODULES = YES;
				CLANG_ENABLE_OBJC_ARC = YES;
				CLANG_WARN_BOOL_CONVERSION = YES;
				CLANG_WARN_CONSTANT_CONVERSION = YES;
				CLANG_WARN_DIRECT_OBJC_ISA_USAGE = YES_ERROR;
				CLANG_WARN_DOCUMENTATION_COMMENTS = YES;
				CLANG_WARN_EMPTY_BODY = YES;
				CLANG_WARN_ENUM_CONVERSION = YES;
				CLANG_WARN_INFINITE_RECURSION = YES;
				CLANG_WARN_INT_CONVERSION = YES;
				CLANG_WARN_OBJC_ROOT_CLASS = YES_ERROR;
				CLANG_WARN_SUSPICIOUS_MOVE = YES;
				CLANG_WARN_UNREACHABLE_CODE = YES;
				CLANG_WARN__DUPLICATE_METHOD_MATCH = YES;
				"CODE_SIGN_IDENTITY[sdk=iphoneos*]" = "iPhone Developer";
				COPY_PHASE_STRIP = NO;
				DEBUG_INFORMATION_FORMAT = "dwarf-with-dsym";
				ENABLE_NS_ASSERTIONS = NO;
				ENABLE_STRICT_OBJC_MSGSEND = YES;
				GCC_C_LANGUAGE_STANDARD = gnu99;
				GCC_NO_COMMON_BLOCKS = YES;
				GCC_WARN_64_TO_32_BIT_CONVERSION = YES;
				GCC_WARN_ABOUT_RETURN_TYPE = YES_ERROR;
				GCC_WARN_UNDECLARED_SELECTOR = YES;
				GCC_WARN_UNINITIALIZED_AUTOS = YES_AGGRESSIVE;
				GCC_WARN_UNUSED_FUNCTION = YES;
				GCC_WARN_UNUSED_VARIABLE = YES;
				IPHONEOS_DEPLOYMENT_TARGET = 10.3;
				MTL_ENABLE_DEBUG_INFO = NO;
				SDKROOT = iphoneos;
				SWIFT_OPTIMIZATION_LEVEL = "-Owholemodule";
				TARGETED_DEVICE_FAMILY = "1,2";
				VALIDATE_PRODUCT = YES;
			};
			name = Release;
		};
		BF2ED4BA1F018A26007762C9 /* Debug */ = {
			isa = XCBuildConfiguration;
			baseConfigurationReference = 301CC39F1A297B6A648EFC0C /* Pods-ParseChat.debug.xcconfig */;
			buildSettings = {
				ASSETCATALOG_COMPILER_APPICON_NAME = AppIcon;
				INFOPLIST_FILE = ParseChat/Info.plist;
				LD_RUNPATH_SEARCH_PATHS = "$(inherited) @executable_path/Frameworks";
				PRODUCT_BUNDLE_IDENTIFIER = com.chanel.ParseChat;
				PRODUCT_NAME = "$(TARGET_NAME)";
				SWIFT_VERSION = 3.0;
			};
			name = Debug;
		};
		BF2ED4BB1F018A26007762C9 /* Release */ = {
			isa = XCBuildConfiguration;
			baseConfigurationReference = F74A19340868D7A61715B4F0 /* Pods-ParseChat.release.xcconfig */;
			buildSettings = {
				ASSETCATALOG_COMPILER_APPICON_NAME = AppIcon;
				INFOPLIST_FILE = ParseChat/Info.plist;
				LD_RUNPATH_SEARCH_PATHS = "$(inherited) @executable_path/Frameworks";
				PRODUCT_BUNDLE_IDENTIFIER = com.chanel.ParseChat;
				PRODUCT_NAME = "$(TARGET_NAME)";
				SWIFT_VERSION = 3.0;
			};
			name = Release;
		};
		BF2ED4BD1F018A26007762C9 /* Debug */ = {
			isa = XCBuildConfiguration;
			baseConfigurationReference = 651BDBB16709D14C6F9576F0 /* Pods-ParseChatTests.debug.xcconfig */;
			buildSettings = {
				ALWAYS_EMBED_SWIFT_STANDARD_LIBRARIES = YES;
				BUNDLE_LOADER = "$(TEST_HOST)";
				INFOPLIST_FILE = ParseChatTests/Info.plist;
				LD_RUNPATH_SEARCH_PATHS = "$(inherited) @executable_path/Frameworks @loader_path/Frameworks";
				PRODUCT_BUNDLE_IDENTIFIER = com.chanel.ParseChatTests;
				PRODUCT_NAME = "$(TARGET_NAME)";
				SWIFT_VERSION = 3.0;
				TEST_HOST = "$(BUILT_PRODUCTS_DIR)/ParseChat.app/ParseChat";
			};
			name = Debug;
		};
		BF2ED4BE1F018A26007762C9 /* Release */ = {
			isa = XCBuildConfiguration;
			baseConfigurationReference = DA841FBFF3423AB1EA2D50B7 /* Pods-ParseChatTests.release.xcconfig */;
			buildSettings = {
				ALWAYS_EMBED_SWIFT_STANDARD_LIBRARIES = YES;
				BUNDLE_LOADER = "$(TEST_HOST)";
				INFOPLIST_FILE = ParseChatTests/Info.plist;
				LD_RUNPATH_SEARCH_PATHS = "$(inherited) @executable_path/Frameworks @loader_path/Frameworks";
				PRODUCT_BUNDLE_IDENTIFIER = com.chanel.ParseChatTests;
				PRODUCT_NAME = "$(TARGET_NAME)";
				SWIFT_VERSION = 3.0;
				TEST_HOST = "$(BUILT_PRODUCTS_DIR)/ParseChat.app/ParseChat";
			};
			name = Release;
		};
		BF2ED4C01F018A26007762C9 /* Debug */ = {
			isa = XCBuildConfiguration;
			baseConfigurationReference = 7DA0DF7548E5E6DC90D6CA78 /* Pods-ParseChatUITests.debug.xcconfig */;
			buildSettings = {
				ALWAYS_EMBED_SWIFT_STANDARD_LIBRARIES = YES;
				INFOPLIST_FILE = ParseChatUITests/Info.plist;
				LD_RUNPATH_SEARCH_PATHS = "$(inherited) @executable_path/Frameworks @loader_path/Frameworks";
				PRODUCT_BUNDLE_IDENTIFIER = com.chanel.ParseChatUITests;
				PRODUCT_NAME = "$(TARGET_NAME)";
				SWIFT_VERSION = 3.0;
				TEST_TARGET_NAME = ParseChat;
			};
			name = Debug;
		};
		BF2ED4C11F018A26007762C9 /* Release */ = {
			isa = XCBuildConfiguration;
			baseConfigurationReference = 26F6F1D2661DDC648365D05A /* Pods-ParseChatUITests.release.xcconfig */;
			buildSettings = {
				ALWAYS_EMBED_SWIFT_STANDARD_LIBRARIES = YES;
				INFOPLIST_FILE = ParseChatUITests/Info.plist;
				LD_RUNPATH_SEARCH_PATHS = "$(inherited) @executable_path/Frameworks @loader_path/Frameworks";
				PRODUCT_BUNDLE_IDENTIFIER = com.chanel.ParseChatUITests;
				PRODUCT_NAME = "$(TARGET_NAME)";
				SWIFT_VERSION = 3.0;
				TEST_TARGET_NAME = ParseChat;
			};
			name = Release;
		};
/* End XCBuildConfiguration section */

/* Begin XCConfigurationList section */
		BF2ED48C1F018A25007762C9 /* Build configuration list for PBXProject "ParseChat" */ = {
			isa = XCConfigurationList;
			buildConfigurations = (
				BF2ED4B71F018A26007762C9 /* Debug */,
				BF2ED4B81F018A26007762C9 /* Release */,
			);
			defaultConfigurationIsVisible = 0;
			defaultConfigurationName = Release;
		};
		BF2ED4B91F018A26007762C9 /* Build configuration list for PBXNativeTarget "ParseChat" */ = {
			isa = XCConfigurationList;
			buildConfigurations = (
				BF2ED4BA1F018A26007762C9 /* Debug */,
				BF2ED4BB1F018A26007762C9 /* Release */,
			);
			defaultConfigurationIsVisible = 0;
			defaultConfigurationName = Release;
		};
		BF2ED4BC1F018A26007762C9 /* Build configuration list for PBXNativeTarget "ParseChatTests" */ = {
			isa = XCConfigurationList;
			buildConfigurations = (
				BF2ED4BD1F018A26007762C9 /* Debug */,
				BF2ED4BE1F018A26007762C9 /* Release */,
			);
			defaultConfigurationIsVisible = 0;
			defaultConfigurationName = Release;
		};
		BF2ED4BF1F018A26007762C9 /* Build configuration list for PBXNativeTarget "ParseChatUITests" */ = {
			isa = XCConfigurationList;
			buildConfigurations = (
				BF2ED4C01F018A26007762C9 /* Debug */,
				BF2ED4C11F018A26007762C9 /* Release */,
			);
			defaultConfigurationIsVisible = 0;
			defaultConfigurationName = Release;
		};
/* End XCConfigurationList section */
	};
	rootObject = BF2ED4891F018A25007762C9 /* Project object */;
}
